Microsoft Visual Studio Solution File, Format Version 11.00
# Visual Studio 2008

Project("{67B220BC-FBE5-BDD2-F479-02E2E1493AA6}") = "Oct4", "Assembly-CSharp.csproj", "{66C24FBC-80DE-7F23-81DC-1AB7A00EA92A}"
EndProject
Global
	GlobalSection(SolutionConfigurationPlatforms) = preSolution
		Debug|Any CPU = Debug|Any CPU
		Release|Any CPU = Release|Any CPU
	EndGlobalSection
	GlobalSection(ProjectConfigurationPlatforms) = postSolution
		{66C24FBC-80DE-7F23-81DC-1AB7A00EA92A}.Debug|Any CPU.ActiveCfg = Debug|Any CPU
		{66C24FBC-80DE-7F23-81DC-1AB7A00EA92A}.Debug|Any CPU.Build.0 = Debug|Any CPU
		{66C24FBC-80DE-7F23-81DC-1AB7A00EA92A}.Release|Any CPU.ActiveCfg = Release|Any CPU
		{66C24FBC-80DE-7F23-81DC-1AB7A00EA92A}.Release|Any CPU.Build.0 = Release|Any CPU
	EndGlobalSection
	GlobalSection(SolutionProperties) = preSolution
		HideSolutionNode = FALSE
	EndGlobalSection
	GlobalSection(MonoDevelopProperties) = preSolution
		StartupItem = Assembly-CSharp.csproj
	EndGlobalSection
EndGlobal
